<Solution>
  <Project Path="PurePatcher/PurePatcher.csproj" />
  <Project Path="Annotations/Annotations.csproj" />
  <Project Path="DataAssembly/DataAssembly.csproj" />
  <Project Path="TestAssembly/TestAssembly.csproj" />
  <Project Path="TestAssemblyTarget/TestAssemblyTarget.csproj" />
  <Project Path="Tests/Tests.csproj" />
  <Properties Name="MonoDevelopProperties">
    <Property Name="version" Value="0.4.8" />
  </Properties>
</Solution>
